
Microsoft Visual Studio Solution File, Format Version 12.00
# Visual Studio Version 17
VisualStudioVersion = 17.6.33723.286
MinimumVisualStudioVersion = 10.0.40219.1
Project("{8BC9CEB8-8B4A-11D0-8D11-00A0C91BC942}") = "Maze", "Maze.vcxproj", "{C29B13F4-63E0-4111-B6E3-E75853314547}"
EndProject
Global
	GlobalSection(SolutionConfigurationPlatforms) = preSolution
		Debug|x64 = Debug|x64
		Debug|x86 = Debug|x86
		Release|x64 = Release|x64
		Release|x86 = Release|x86
	EndGlobalSection
	GlobalSection(ProjectConfigurationPlatforms) = postSolution
		{C29B13F4-63E0-4111-B6E3-E75853314547}.Debug|x64.ActiveCfg = Debug|x64
		{C29B13F4-63E0-4111-B6E3-E75853314547}.Debug|x64.Build.0 = Debug|x64
		{C29B13F4-63E0-4111-B6E3-E75853314547}.Debug|x86.ActiveCfg = Debug|Win32
		{C29B13F4-63E0-4111-B6E3-E75853314547}.Debug|x86.Build.0 = Debug|Win32
		{C29B13F4-63E0-4111-B6E3-E75853314547}.Release|x64.ActiveCfg = Release|x64
		{C29B13F4-63E0-4111-B6E3-E75853314547}.Release|x64.Build.0 = Release|x64
		{C29B13F4-63E0-4111-B6E3-E75853314547}.Release|x86.ActiveCfg = Release|Win32
		{C29B13F4-63E0-4111-B6E3-E75853314547}.Release|x86.Build.0 = Release|Win32
	EndGlobalSection
	GlobalSection(SolutionProperties) = preSolution
		HideSolutionNode = FALSE
	EndGlobalSection
	GlobalSection(ExtensibilityGlobals) = postSolution
		SolutionGuid = {123D15A3-4D63-493D-ACD6-5CA71FA4ED2B}
	EndGlobalSection
EndGlobal
